
Microsoft Visual Studio Solution File, Format Version 12.00
# Visual Studio Version 16
VisualStudioVersion = 16.0.31624.102
MinimumVisualStudioVersion = 10.0.40219.1
Project("{9A19103F-16F7-4668-BE54-9A1E7A4F7556}") = "What3Passwords", "What3Passwords.csproj", "{AEA833AD-58EF-47E3-98B1-9703F640E28D}"
EndProject
Project("{2150E333-8FDC-42A3-9474-1A3956D46DE8}") = "Solution Items", "Solution Items", "{6BA01291-E44A-47B7-9AF6-752BF273B432}"
	ProjectSection(SolutionItems) = preProject
		..\appveyor.yml = ..\appveyor.yml
		..\README.md = ..\README.md
	EndProjectSection
EndProject
Global
	GlobalSection(SolutionConfigurationPlatforms) = preSolution
		Debug|Any CPU = Debug|Any CPU
		Release|Any CPU = Release|Any CPU
	EndGlobalSection
	GlobalSection(ProjectConfigurationPlatforms) = postSolution
		{AEA833AD-58EF-47E3-98B1-9703F640E28D}.Debug|Any CPU.ActiveCfg = Debug|Any CPU
		{AEA833AD-58EF-47E3-98B1-9703F640E28D}.Debug|Any CPU.Build.0 = Debug|Any CPU
		{AEA833AD-58EF-47E3-98B1-9703F640E28D}.Release|Any CPU.ActiveCfg = Release|Any CPU
		{AEA833AD-58EF-47E3-98B1-9703F640E28D}.Release|Any CPU.Build.0 = Release|Any CPU
	EndGlobalSection
	GlobalSection(SolutionProperties) = preSolution
		HideSolutionNode = FALSE
	EndGlobalSection
	GlobalSection(ExtensibilityGlobals) = postSolution
		SolutionGuid = {5900D85A-AD08-4105-BCC0-BF5AC35720DF}
	EndGlobalSection
EndGlobal
